
Microsoft Visual Studio Solution File, Format Version 12.00
# Visual Studio Version 17
VisualStudioVersion = 17.5.002.0
MinimumVisualStudioVersion = 10.0.40219.1
Project("{9A19103F-16F7-4668-BE54-9A1E7A4F7556}") = "pulapassarinho", "pulapassarinho\pulapassarinho.csproj", "{4F802A22-AA5D-4F17-84D5-A63F3B3E7C9D}"
EndProject
Global
	GlobalSection(SolutionConfigurationPlatforms) = preSolution
		Debug|Any CPU = Debug|Any CPU
		Release|Any CPU = Release|Any CPU
	EndGlobalSection
	GlobalSection(ProjectConfigurationPlatforms) = postSolution
		{4F802A22-AA5D-4F17-84D5-A63F3B3E7C9D}.Debug|Any CPU.ActiveCfg = Debug|Any CPU
		{4F802A22-AA5D-4F17-84D5-A63F3B3E7C9D}.Debug|Any CPU.Build.0 = Debug|Any CPU
		{4F802A22-AA5D-4F17-84D5-A63F3B3E7C9D}.Release|Any CPU.ActiveCfg = Release|Any CPU
		{4F802A22-AA5D-4F17-84D5-A63F3B3E7C9D}.Release|Any CPU.Build.0 = Release|Any CPU
	EndGlobalSection
	GlobalSection(SolutionProperties) = preSolution
		HideSolutionNode = FALSE
	EndGlobalSection
	GlobalSection(ExtensibilityGlobals) = postSolution
		SolutionGuid = {DE986D69-9E70-44CE-8F46-39D85FB143EA}
	EndGlobalSection
EndGlobal
